
Microsoft Visual Studio Solution File, Format Version 12.00
# Visual Studio 15
VisualStudioVersion = 15.0.28010.2036
MinimumVisualStudioVersion = 10.0.40219.1
Project("{FAE04EC0-301F-11D3-BF4B-00C04F79EFBC}") = "GitTowerDemo", "GitTowerDemo\GitTowerDemo.csproj", "{DA8A3D00-902E-4581-8026-12FA2BE0E1C0}"
EndProject
Global
	GlobalSection(SolutionConfigurationPlatforms) = preSolution
		Debug|Any CPU = Debug|Any CPU
		Release|Any CPU = Release|Any CPU
	EndGlobalSection
	GlobalSection(ProjectConfigurationPlatforms) = postSolution
		{DA8A3D00-902E-4581-8026-12FA2BE0E1C0}.Debug|Any CPU.ActiveCfg = Debug|Any CPU
		{DA8A3D00-902E-4581-8026-12FA2BE0E1C0}.Debug|Any CPU.Build.0 = Debug|Any CPU
		{DA8A3D00-902E-4581-8026-12FA2BE0E1C0}.Release|Any CPU.ActiveCfg = Release|Any CPU
		{DA8A3D00-902E-4581-8026-12FA2BE0E1C0}.Release|Any CPU.Build.0 = Release|Any CPU
	EndGlobalSection
	GlobalSection(SolutionProperties) = preSolution
		HideSolutionNode = FALSE
	EndGlobalSection
	GlobalSection(ExtensibilityGlobals) = postSolution
		SolutionGuid = {97ACC6DF-3515-44B5-93B3-1978E2D6E8AE}
	EndGlobalSection
EndGlobal
